{
  "name": "sysmledgraph-lsp-server",
  "version": "1.0.0",
  "lockfileVersion": 3,
  "requires": true,
  "packages": {
    "": {
      "name": "sysmledgraph-lsp-server",
      "version": "1.0.0",
      "hasInstallScript": true,
      "dependencies": {
        "sysml-v2-lsp": "^0.8.0"
      }
    },
    "node_modules/sysml-v2-lsp": {
      "version": "0.8.0",
      "resolved": "https://registry.npmjs.org/sysml-v2-lsp/-/sysml-v2-lsp-0.8.0.tgz",
      "integrity": "sha512-h97fbePSl8Qbcx0x0iDqASE5ivsh0yndQ3Zr5I3WHDlDuJi1Qs8mVLdcrRXMfRe9t0V0UfFlEVyOFnXV/VLOdA==",
      "hasInstallScript": true,
      "license": "MIT",
      "bin": {
        "sysml-mcp": "dist/server/mcpServer.js"
      },
      "engines": {
        "node": ">=20",
        "vscode": "^1.85.0"
      }
    }
  }
}
