{
  "name": "sysmledgraph-lsp-server",
  "version": "1.0.0",
  "lockfileVersion": 3,
  "requires": true,
  "packages": {
    "": {
      "name": "sysmledgraph-lsp-server",
      "version": "1.0.0",
      "hasInstallScript": true,
      "dependencies": {
        "sysml-v2-lsp": "^0.7.0"
      }
    },
    "node_modules/sysml-v2-lsp": {
      "version": "0.7.0",
      "resolved": "https://registry.npmjs.org/sysml-v2-lsp/-/sysml-v2-lsp-0.7.0.tgz",
      "integrity": "sha512-cJ2JINpe7Ez1gyMO020gEokoTLmqRFv+KTcNqGq+10PI3mE0q74anHLxFzbrjIx2wRDeoacQcMg3v9XVkvuWHw==",
      "hasInstallScript": true,
      "license": "MIT",
      "bin": {
        "sysml-mcp": "dist/server/mcpServer.js"
      },
      "engines": {
        "node": ">=20",
        "vscode": "^1.85.0"
      }
    }
  }
}
